lockfile_version: '1'
generated_at: '2026-05-14T21:36:31.700582+00:00'
apm_version: 0.13.0
dependencies:
- repo_url: Faithlife/RepoConventions
  host: github.com
  resolved_commit: 30c7ec805d4c6fe24478bf808e771b79b3899e79
  virtual_path: skills/create-repo-conventions
  is_virtual: true
  package_type: claude_skill
  deployed_files:
  - .agents/skills/create-repo-conventions
  content_hash: sha256:a9c5c1e5380bd467a3dc070ebdc4828808a6a9eedb2a292dc2068ff8f05dbeac
